Microsoft Visual Studio Solution File, Format Version 12.00
# Visual Studio Version 17
VisualStudioVersion = 17.14.36414.22
MinimumVisualStudioVersion = 10.0.40219.1
Project("{FAE04EC0-301F-11D3-BF4B-00C04F79EFBC}") = "Reto02_MAUI", "Reto02_MAUI\Reto02_MAUI.csproj", "{55EF235F-F4E2-4304-90B4-7499F475B677}"
EndProject
Project("{FAE04EC0-301F-11D3-BF4B-00C04F79EFBC}") = "Reto02_MAUI.Shared", "Reto02_MAUI.Shared\Reto02_MAUI.Shared.csproj", "{2873D14E-FC5F-4953-9F7D-AA8DBE8BD8C9}"
EndProject
Project("{FAE04EC0-301F-11D3-BF4B-00C04F79EFBC}") = "Reto02_MAUI.Web", "Reto02_MAUI.Web\Reto02_MAUI.Web.csproj", "{58B5164A-06A9-48D7-85A2-794C519FE1C6}"
EndProject
Project("{FAE04EC0-301F-11D3-BF4B-00C04F79EFBC}") = "Reto02_MAUI.Web.Client", "Reto02_MAUI.Web.Client\Reto02_MAUI.Web.Client.csproj", "{660CAE63-69C5-4ABC-B2EC-7DA73E3D77F0}"
EndProject
Global
	GlobalSection(SolutionConfigurationPlatforms) = preSolution
		Debug|Any CPU = Debug|Any CPU
		Release|Any CPU = Release|Any CPU
	EndGlobalSection
	GlobalSection(ProjectConfigurationPlatforms) = postSolution
		{55EF235F-F4E2-4304-90B4-7499F475B677}.Debug|Any CPU.ActiveCfg = Debug|Any CPU
		{55EF235F-F4E2-4304-90B4-7499F475B677}.Debug|Any CPU.Build.0 = Debug|Any CPU
		{55EF235F-F4E2-4304-90B4-7499F475B677}.Release|Any CPU.ActiveCfg = Release|Any CPU
		{55EF235F-F4E2-4304-90B4-7499F475B677}.Release|Any CPU.Build.0 = Release|Any CPU
		{2873D14E-FC5F-4953-9F7D-AA8DBE8BD8C9}.Debug|Any CPU.ActiveCfg = Debug|Any CPU
		{2873D14E-FC5F-4953-9F7D-AA8DBE8BD8C9}.Debug|Any CPU.Build.0 = Debug|Any CPU
		{2873D14E-FC5F-4953-9F7D-AA8DBE8BD8C9}.Release|Any CPU.ActiveCfg = Release|Any CPU
		{2873D14E-FC5F-4953-9F7D-AA8DBE8BD8C9}.Release|Any CPU.Build.0 = Release|Any CPU
		{58B5164A-06A9-48D7-85A2-794C519FE1C6}.Debug|Any CPU.ActiveCfg = Debug|Any CPU
		{58B5164A-06A9-48D7-85A2-794C519FE1C6}.Debug|Any CPU.Build.0 = Debug|Any CPU
		{58B5164A-06A9-48D7-85A2-794C519FE1C6}.Release|Any CPU.ActiveCfg = Release|Any CPU
		{58B5164A-06A9-48D7-85A2-794C519FE1C6}.Release|Any CPU.Build.0 = Release|Any CPU
		{660CAE63-69C5-4ABC-B2EC-7DA73E3D77F0}.Debug|Any CPU.ActiveCfg = Debug|Any CPU
		{660CAE63-69C5-4ABC-B2EC-7DA73E3D77F0}.Debug|Any CPU.Build.0 = Debug|Any CPU
		{660CAE63-69C5-4ABC-B2EC-7DA73E3D77F0}.Release|Any CPU.ActiveCfg = Release|Any CPU
		{660CAE63-69C5-4ABC-B2EC-7DA73E3D77F0}.Release|Any CPU.Build.0 = Release|Any CPU
	EndGlobalSection
	GlobalSection(SolutionProperties) = preSolution
		HideSolutionNode = FALSE
	EndGlobalSection
	GlobalSection(ExtensibilityGlobals) = postSolution
		SolutionGuid = {9BAE2637-E122-4FC2-9358-2739B8E88166}
	EndGlobalSection
EndGlobal
